
Microsoft Visual Studio Solution File, Format Version 12.00
Project("{FAE04EC0-301F-11D3-BF4B-00C04F79EFBC}") = "GetExpensiveUniques", "GetExpensiveUniques.csproj", "{7FFD0584-66C4-4E25-BFC7-E26EA0BB7A3B}"
EndProject
Global
	GlobalSection(SolutionConfigurationPlatforms) = preSolution
		Debug|Any CPU = Debug|Any CPU
		Release|Any CPU = Release|Any CPU
	EndGlobalSection
	GlobalSection(ProjectConfigurationPlatforms) = postSolution
		{7FFD0584-66C4-4E25-BFC7-E26EA0BB7A3B}.Debug|Any CPU.ActiveCfg = Debug|Any CPU
		{7FFD0584-66C4-4E25-BFC7-E26EA0BB7A3B}.Debug|Any CPU.Build.0 = Debug|Any CPU
		{7FFD0584-66C4-4E25-BFC7-E26EA0BB7A3B}.Release|Any CPU.ActiveCfg = Release|Any CPU
		{7FFD0584-66C4-4E25-BFC7-E26EA0BB7A3B}.Release|Any CPU.Build.0 = Release|Any CPU
	EndGlobalSection
EndGlobal
